
Microsoft Visual Studio Solution File, Format Version 12.00
# Visual Studio Version 17
VisualStudioVersion = 17.0.31903.59
MinimumVisualStudioVersion = 10.0.40219.1
Project("{2150E333-8FDC-42A3-9474-1A3956D46DE8}") = "src", "src", "{0979B030-27B6-4BF8-A398-F4AD69D0A10F}"
EndProject
Project("{F2A71F9B-5D33-465A-A702-920D77279786}") = "Library", "src\Library\Library.fsproj", "{BA6DEA03-F701-4BE1-958B-0EF1A31A3CCF}"
EndProject
Global
	GlobalSection(SolutionConfigurationPlatforms) = preSolution
		Debug|Any CPU = Debug|Any CPU
		Release|Any CPU = Release|Any CPU
	EndGlobalSection
	GlobalSection(SolutionProperties) = preSolution
		HideSolutionNode = FALSE
	EndGlobalSection
	GlobalSection(ProjectConfigurationPlatforms) = postSolution
		{BA6DEA03-F701-4BE1-958B-0EF1A31A3CCF}.Debug|Any CPU.ActiveCfg = Debug|Any CPU
		{BA6DEA03-F701-4BE1-958B-0EF1A31A3CCF}.Debug|Any CPU.Build.0 = Debug|Any CPU
		{BA6DEA03-F701-4BE1-958B-0EF1A31A3CCF}.Release|Any CPU.ActiveCfg = Release|Any CPU
		{BA6DEA03-F701-4BE1-958B-0EF1A31A3CCF}.Release|Any CPU.Build.0 = Release|Any CPU
	EndGlobalSection
	GlobalSection(NestedProjects) = preSolution
		{BA6DEA03-F701-4BE1-958B-0EF1A31A3CCF} = {0979B030-27B6-4BF8-A398-F4AD69D0A10F}
	EndGlobalSection
EndGlobal
